// !$*UTF8*$!
{
	archiveVersion = 1;
	classes = {
	};
	objectVersion = 55;
	objects = {

/* Begin PBXBuildFile section */
		56EBA6BF2898012A00B5D5D4 /* AppDelegate.swift in Sources */ = {isa = PBXBuildFile; fileRef = 56EBA6BE2898012A00B5D5D4 /* AppDelegate.swift */; };
		56EBA6C12898012A00B5D5D4 /* SceneDelegate.swift in Sources */ = {isa = PBXBuildFile; fileRef = 56EBA6C02898012A00B5D5D4 /* SceneDelegate.swift */; };
		56EBA6C32898012A00B5D5D4 /* ViewController.swift in Sources */ = {isa = PBXBuildFile; fileRef = 56EBA6C22898012A00B5D5D4 /* ViewController.swift */; };
		56EBA6C62898012A00B5D5D4 /* Main.storyboard in Resources */ = {isa = PBXBuildFile; fileRef = 56EBA6C42898012A00B5D5D4 /* Main.storyboard */; };
		56EBA6C92898012A00B5D5D4 /* EyeMovie.xcdatamodeld in Sources */ = {isa = PBXBuildFile; fileRef = 56EBA6C72898012A00B5D5D4 /* EyeMovie.xcdatamodeld */; };
		56EBA6CB2898012D00B5D5D4 /* Assets.xcassets in Resources */ = {isa = PBXBuildFile; fileRef = 56EBA6CA2898012D00B5D5D4 /* Assets.xcassets */; };
		56EBA6CE2898012D00B5D5D4 /* LaunchScreen.storyboard in Resources */ = {isa = PBXBuildFile; fileRef = 56EBA6CC2898012D00B5D5D4 /* LaunchScreen.storyboard */; };
/* End PBXBuildFile section */

/* Begin PBXFileReference section */
		56EBA6BB2898012A00B5D5D4 /* EyeMovie.app */ = {isa = PBXFileReference; explicitFileType = wrapper.application; includeInIndex = 0; path = EyeMovie.app; sourceTree = BUILT_PRODUCTS_DIR; };
		56EBA6BE2898012A00B5D5D4 /* AppDelegate.swift */ = {isa = PBXFileReference; lastKnownFileType = sourcecode.swift; path = AppDelegate.swift; sourceTree = "<group>"; };
		56EBA6C02898012A00B5D5D4 /* SceneDelegate.swift */ = {isa = PBXFileReference; lastKnownFileType = sourcecode.swift; path = SceneDelegate.swift; sourceTree = "<group>"; };
		56EBA6C22898012A00B5D5D4 /* ViewController.swift */ = {isa = PBXFileReference; lastKnownFileType = sourcecode.swift; path = ViewController.swift; sourceTree = "<group>"; };
		56EBA6C52898012A00B5D5D4 /* Base */ = {isa = PBXFileReference; lastKnownFileType = file.storyboard; name = Base; path = Base.lproj/Main.storyboard; sourceTree = "<group>"; };
		56EBA6C82898012A00B5D5D4 /* EyeMovie.xcdatamodel */ = {isa = PBXFileReference; lastKnownFileType = wrapper.xcdatamodel; path = EyeMovie.xcdatamodel; sourceTree = "<group>"; };
		56EBA6CA2898012D00B5D5D4 /* Assets.xcassets */ = {isa = PBXFileReference; lastKnownFileType = folder.assetcatalog; path = Assets.xcassets; sourceTree = "<group>"; };
		56EBA6CD2898012D00B5D5D4 /* Base */ = {isa = PBXFileReference; lastKnownFileType = file.storyboard; name = Base; path = Base.lproj/LaunchScreen.storyboard; sourceTree = "<group>"; };
		56EBA6CF2898012D00B5D5D4 /* Info.plist */ = {isa = PBXFileReference; lastKnownFileType = text.plist.xml; path = Info.plist; sourceTree = "<group>"; };
/* End PBXFileReference section */

/* Begin PBXFrameworksBuildPhase section */
		56EBA6B82898012A00B5D5D4 /* Frameworks */ = {
			isa = PBXFrameworksBuildPhase;
			buildActionMask = 2147483647;
			files = (
			);
			runOnlyForDeploymentPostprocessing = 0;
		};
/* End PBXFrameworksBuildPhase section */

/* Begin PBXGroup section */
		56EBA6B22898012A00B5D5D4 = {
			isa = PBXGroup;
			children = (
				56EBA6BD2898012A00B5D5D4 /* EyeMovie */,
				56EBA6BC2898012A00B5D5D4 /* Products */,
			);
			sourceTree = "<group>";
		};
		56EBA6BC2898012A00B5D5D4 /* Products */ = {
			isa = PBXGroup;
			children = (
				56EBA6BB2898012A00B5D5D4 /* EyeMovie.app */,
			);
			name = Products;
			sourceTree = "<group>";
		};
		56EBA6BD2898012A00B5D5D4 /* EyeMovie */ = {
			isa = PBXGroup;
			children = (
				56EBA6BE2898012A00B5D5D4 /* AppDelegate.swift */,
				56EBA6C02898012A00B5D5D4 /* SceneDelegate.swift */,
				56EBA6C22898012A00B5D5D4 /* ViewController.swift */,
				56EBA6C42898012A00B5D5D4 /* Main.storyboard */,
				56EBA6CA2898012D00B5D5D4 /* Assets.xcassets */,
				56EBA6CC2898012D00B5D5D4 /* LaunchScreen.storyboard */,
				56EBA6CF2898012D00B5D5D4 /* Info.plist */,
				56EBA6C72898012A00B5D5D4 /* EyeMovie.xcdatamodeld */,
			);
			path = EyeMovie;
			sourceTree = "<group>";
		};
/* End PBXGroup section */

/* Begin PBXNativeTarget section */
		56EBA6BA2898012A00B5D5D4 /* EyeMovie */ = {
			isa = PBXNativeTarget;
			buildConfigurationList = 56EBA6D22898012D00B5D5D4 /* Build configuration list for PBXNativeTarget "EyeMovie" */;
			buildPhases = (
				56EBA6B72898012A00B5D5D4 /* Sources */,
				56EBA6B82898012A00B5D5D4 /* Frameworks */,
				56EBA6B92898012A00B5D5D4 /* Resources */,
			);
			buildRules = (
			);
			dependencies = (
			);
			name = EyeMovie;
			productName = EyeMovie;
			productReference = 56EBA6BB2898012A00B5D5D4 /* EyeMovie.app */;
			productType = "com.apple.product-type.application";
		};
/* End PBXNativeTarget section */

/* Begin PBXProject section */
		56EBA6B32898012A00B5D5D4 /* Project object */ = {
			isa = PBXProject;
			attributes = {
				BuildIndependentTargetsInParallel = 1;
				LastSwiftUpdateCheck = 1340;
				LastUpgradeCheck = 1340;
				TargetAttributes = {
					56EBA6BA2898012A00B5D5D4 = {
						CreatedOnToolsVersion = 13.4.1;
					};
				};
			};
			buildConfigurationList = 56EBA6B62898012A00B5D5D4 /* Build configuration list for PBXProject "EyeMovie" */;
			compatibilityVersion = "Xcode 13.0";
			developmentRegion = en;
			hasScannedForEncodings = 0;
			knownRegions = (
				en,
				Base,
			);
			mainGroup = 56EBA6B22898012A00B5D5D4;
			productRefGroup = 56EBA6BC2898012A00B5D5D4 /* Products */;
			projectDirPath = "";
			projectRoot = "";
			targets = (
				56EBA6BA2898012A00B5D5D4 /* EyeMovie */,
			);
		};
/* End PBXProject section */

/* Begin PBXResourcesBuildPhase section */
		56EBA6B92898012A00B5D5D4 /* Resources */ = {
			isa = PBXResourcesBuildPhase;
			buildActionMask = 2147483647;
			files = (
				56EBA6CE2898012D00B5D5D4 /* LaunchScreen.storyboard in Resources */,
				56EBA6CB2898012D00B5D5D4 /* Assets.xcassets in Resources */,
				56EBA6C62898012A00B5D5D4 /* Main.storyboard in Resources */,
			);
			runOnlyForDeploymentPostprocessing = 0;
		};
/* End PBXResourcesBuildPhase section */

/* Begin PBXSourcesBuildPhase section */
		56EBA6B72898012A00B5D5D4 /* Sources */ = {
			isa = PBXSourcesBuildPhase;
			buildActionMask = 2147483647;
			files = (
				56EBA6C92898012A00B5D5D4 /* EyeMovie.xcdatamodeld in Sources */,
				56EBA6C32898012A00B5D5D4 /* ViewController.swift in Sources */,
				56EBA6BF2898012A00B5D5D4 /* AppDelegate.swift in Sources */,
				56EBA6C12898012A00B5D5D4 /* SceneDelegate.swift in Sources */,
			);
			runOnlyForDeploymentPostprocessing = 0;
		};
/* End PBXSourcesBuildPhase section */

/* Begin PBXVariantGroup section */
		56EBA6C42898012A00B5D5D4 /* Main.storyboard */ = {
			isa = PBXVariantGroup;
			children = (
				56EBA6C52898012A00B5D5D4 /* Base */,
			);
			name = Main.storyboard;
			sourceTree = "<group>";
		};
		56EBA6CC2898012D00B5D5D4 /* LaunchScreen.storyboard */ = {
			isa = PBXVariantGroup;
			children = (
				56EBA6CD2898012D00B5D5D4 /* Base */,
			);
			name = LaunchScreen.storyboard;
			sourceTree = "<group>";
		};
/* End PBXVariantGroup section */

/* Begin XCBuildConfiguration section */
		56EBA6D02898012D00B5D5D4 /* Debug */ = {
			isa = XCBuildConfiguration;
			buildSettings = {
				ALWAYS_SEARCH_USER_PATHS = NO;
				CLANG_ANALYZER_NONNULL = YES;
				CLANG_ANALYZER_NUMBER_OBJECT_CONVERSION = YES_AGGRESSIVE;
				CLANG_CXX_LANGUAGE_STANDARD = "gnu++17";
				CLANG_ENABLE_MODULES = YES;
				CLANG_ENABLE_OBJC_ARC = YES;
				CLANG_ENABLE_OBJC_WEAK = YES;
				CLANG_WARN_BLOCK_CAPTURE_AUTORELEASING = YES;
				CLANG_WARN_BOOL_CONVERSION = YES;
				CLANG_WARN_COMMA = YES;
				CLANG_WARN_CONSTANT_CONVERSION = YES;
				CLANG_WARN_DEPRECATED_OBJC_IMPLEMENTATIONS = YES;
				CLANG_WARN_DIRECT_OBJC_ISA_USAGE = YES_ERROR;
				CLANG_WARN_DOCUMENTATION_COMMENTS = YES;
				CLANG_WARN_EMPTY_BODY = YES;
				CLANG_WARN_ENUM_CONVERSION = YES;
				CLANG_WARN_INFINITE_RECURSION = YES;
				CLANG_WARN_INT_CONVERSION = YES;
				CLANG_WARN_NON_LITERAL_NULL_CONVERSION = YES;
				CLANG_WARN_OBJC_IMPLICIT_RETAIN_SELF = YES;
				CLANG_WARN_OBJC_LITERAL_CONVERSION = YES;
				CLANG_WARN_OBJC_ROOT_CLASS = YES_ERROR;
				CLANG_WARN_QUOTED_INCLUDE_IN_FRAMEWORK_HEADER = YES;
				CLANG_WARN_RANGE_LOOP_ANALYSIS = YES;
				CLANG_WARN_STRICT_PROTOTYPES = YES;
				CLANG_WARN_SUSPICIOUS_MOVE = YES;
				CLANG_WARN_UNGUARDED_AVAILABILITY = YES_AGGRESSIVE;
				CLANG_WARN_UNREACHABLE_CODE = YES;
				CLANG_WARN__DUPLICATE_METHOD_MATCH = YES;
				COPY_PHASE_STRIP = NO;
				DEBUG_INFORMATION_FORMAT = dwarf;
				ENABLE_STRICT_OBJC_MSGSEND = YES;
				ENABLE_TESTABILITY = YES;
				GCC_C_LANGUAGE_STANDARD = gnu11;
				GCC_DYNAMIC_NO_PIC = NO;
				GCC_NO_COMMON_BLOCKS = YES;
				GCC_OPTIMIZATION_LEVEL = 0;
				GCC_PREPROCESSOR_DEFINITIONS = (
					"DEBUG=1",
					"$(inherited)",
				);
				GCC_WARN_64_TO_32_BIT_CONVERSION = YES;
				GCC_WARN_ABOUT_RETURN_TYPE = YES_ERROR;
				GCC_WARN_UNDECLARED_SELECTOR = YES;
				GCC_WARN_UNINITIALIZED_AUTOS = YES_AGGRESSIVE;
				GCC_WARN_UNUSED_FUNCTION = YES;
				GCC_WARN_UNUSED_VARIABLE = YES;
				IPHONEOS_DEPLOYMENT_TARGET = 15.5;
				MTL_ENABLE_DEBUG_INFO = INCLUDE_SOURCE;
				MTL_FAST_MATH = YES;
				ONLY_ACTIVE_ARCH = YES;
				SDKROOT = iphoneos;
				SWIFT_ACTIVE_COMPILATION_CONDITIONS = DEBUG;
				SWIFT_OPTIMIZATION_LEVEL = "-Onone";
			};
			name = Debug;
		};
		56EBA6D12898012D00B5D5D4 /* Release */ = {
			isa = XCBuildConfiguration;
			buildSettings = {
				ALWAYS_SEARCH_USER_PATHS = NO;
				CLANG_ANALYZER_NONNULL = YES;
				CLANG_ANALYZER_NUMBER_OBJECT_CONVERSION = YES_AGGRESSIVE;
				CLANG_CXX_LANGUAGE_STANDARD = "gnu++17";
				CLANG_ENABLE_MODULES = YES;
				CLANG_ENABLE_OBJC_ARC = YES;
				CLANG_ENABLE_OBJC_WEAK = YES;
				CLANG_WARN_BLOCK_CAPTURE_AUTORELEASING = YES;
				CLANG_WARN_BOOL_CONVERSION = YES;
				CLANG_WARN_COMMA = YES;
				CLANG_WARN_CONSTANT_CONVERSION = YES;
				CLANG_WARN_DEPRECATED_OBJC_IMPLEMENTATIONS = YES;
				CLANG_WARN_DIRECT_OBJC_ISA_USAGE = YES_ERROR;
				CLANG_WARN_DOCUMENTATION_COMMENTS = YES;
				CLANG_WARN_EMPTY_BODY = YES;
				CLANG_WARN_ENUM_CONVERSION = YES;
				CLANG_WARN_INFINITE_RECURSION = YES;
				CLANG_WARN_INT_CONVERSION = YES;
				CLANG_WARN_NON_LITERAL_NULL_CONVERSION = YES;
				CLANG_WARN_OBJC_IMPLICIT_RETAIN_SELF = YES;
				CLANG_WARN_OBJC_LITERAL_CONVERSION = YES;
				CLANG_WARN_OBJC_ROOT_CLASS = YES_ERROR;
				CLANG_WARN_QUOTED_INCLUDE_IN_FRAMEWORK_HEADER = YES;
				CLANG_WARN_RANGE_LOOP_ANALYSIS = YES;
				CLANG_WARN_STRICT_PROTOTYPES = YES;
				CLANG_WARN_SUSPICIOUS_MOVE = YES;
				CLANG_WARN_UNGUARDED_AVAILABILITY = YES_AGGRESSIVE;
				CLANG_WARN_UNREACHABLE_CODE = YES;
				CLANG_WARN__DUPLICATE_METHOD_MATCH = YES;
				COPY_PHASE_STRIP = NO;
				DEBUG_INFORMATION_FORMAT = "dwarf-with-dsym";
				ENABLE_NS_ASSERTIONS = NO;
				ENABLE_STRICT_OBJC_MSGSEND = YES;
				GCC_C_LANGUAGE_STANDARD = gnu11;
				GCC_NO_COMMON_BLOCKS = YES;
				GCC_WARN_64_TO_32_BIT_CONVERSION = YES;
				GCC_WARN_ABOUT_RETURN_TYPE = YES_ERROR;
				GCC_WARN_UNDECLARED_SELECTOR = YES;
				GCC_WARN_UNINITIALIZED_AUTOS = YES_AGGRESSIVE;
				GCC_WARN_UNUSED_FUNCTION = YES;
				GCC_WARN_UNUSED_VARIABLE = YES;
				IPHONEOS_DEPLOYMENT_TARGET = 15.5;
				MTL_ENABLE_DEBUG_INFO = NO;
				MTL_FAST_MATH = YES;
				SDKROOT = iphoneos;
				SWIFT_COMPILATION_MODE = wholemodule;
				SWIFT_OPTIMIZATION_LEVEL = "-O";
				VALIDATE_PRODUCT = YES;
			};
			name = Release;
		};
		56EBA6D32898012D00B5D5D4 /* Debug */ = {
			isa = XCBuildConfiguration;
			buildSettings = {
				ASSETCATALOG_COMPILER_APPICON_NAME = AppIcon;
				ASSETCATALOG_COMPILER_GLOBAL_ACCENT_COLOR_NAME = AccentColor;
				CODE_SIGN_STYLE = Automatic;
				CURRENT_PROJECT_VERSION = 1;
				DEVELOPMENT_TEAM = VPHM9V726L;
				GENERATE_INFOPLIST_FILE = YES;
				INFOPLIST_FILE = EyeMovie/Info.plist;
				INFOPLIST_KEY_UIApplicationSupportsIndirectInputEvents = YES;
				INFOPLIST_KEY_UILaunchStoryboardName = LaunchScreen;
				INFOPLIST_KEY_UIMainStoryboardFile = Main;
				INFOPLIST_KEY_UISupportedInterfaceOrientations_iPad = "UIInterfaceOrientationPortrait UIInterfaceOrientationPortraitUpsideDown UIInterfaceOrientationLandscapeLeft UIInterfaceOrientationLandscapeRight";
				INFOPLIST_KEY_UISupportedInterfaceOrientations_iPhone = "UIInterfaceOrientationPortrait UIInterfaceOrientationLandscapeLeft UIInterfaceOrientationLandscapeRight";
				LD_RUNPATH_SEARCH_PATHS = (
					"$(inherited)",
					"@executable_path/Frameworks",
				);
				MARKETING_VERSION = 1.0;
				PRODUCT_BUNDLE_IDENTIFIER = marcubale.EyeMovie;
				PRODUCT_NAME = "$(TARGET_NAME)";
				SWIFT_EMIT_LOC_STRINGS = YES;
				SWIFT_VERSION = 5.0;
				TARGETED_DEVICE_FAMILY = "1,2";
			};
			name = Debug;
		};
		56EBA6D42898012D00B5D5D4 /* Release */ = {
			isa = XCBuildConfiguration;
			buildSettings = {
				ASSETCATALOG_COMPILER_APPICON_NAME = AppIcon;
				ASSETCATALOG_COMPILER_GLOBAL_ACCENT_COLOR_NAME = AccentColor;
				CODE_SIGN_STYLE = Automatic;
				CURRENT_PROJECT_VERSION = 1;
				DEVELOPMENT_TEAM = VPHM9V726L;
				GENERATE_INFOPLIST_FILE = YES;
				INFOPLIST_FILE = EyeMovie/Info.plist;
				INFOPLIST_KEY_UIApplicationSupportsIndirectInputEvents = YES;
				INFOPLIST_KEY_UILaunchStoryboardName = LaunchScreen;
				INFOPLIST_KEY_UIMainStoryboardFile = Main;
				INFOPLIST_KEY_UISupportedInterfaceOrientations_iPad = "UIInterfaceOrientationPortrait UIInterfaceOrientationPortraitUpsideDown UIInterfaceOrientationLandscapeLeft UIInterfaceOrientationLandscapeRight";
				INFOPLIST_KEY_UISupportedInterfaceOrientations_iPhone = "UIInterfaceOrientationPortrait UIInterfaceOrientationLandscapeLeft UIInterfaceOrientationLandscapeRight";
				LD_RUNPATH_SEARCH_PATHS = (
					"$(inherited)",
					"@executable_path/Frameworks",
				);
				MARKETING_VERSION = 1.0;
				PRODUCT_BUNDLE_IDENTIFIER = marcubale.EyeMovie;
				PRODUCT_NAME = "$(TARGET_NAME)";
				SWIFT_EMIT_LOC_STRINGS = YES;
				SWIFT_VERSION = 5.0;
				TARGETED_DEVICE_FAMILY = "1,2";
			};
			name = Release;
		};
/* End XCBuildConfiguration section */

/* Begin XCConfigurationList section */
		56EBA6B62898012A00B5D5D4 /* Build configuration list for PBXProject "EyeMovie" */ = {
			isa = XCConfigurationList;
			buildConfigurations = (
				56EBA6D02898012D00B5D5D4 /* Debug */,
				56EBA6D12898012D00B5D5D4 /* Release */,
			);
			defaultConfigurationIsVisible = 0;
			defaultConfigurationName = Release;
		};
		56EBA6D22898012D00B5D5D4 /* Build configuration list for PBXNativeTarget "EyeMovie" */ = {
			isa = XCConfigurationList;
			buildConfigurations = (
				56EBA6D32898012D00B5D5D4 /* Debug */,
				56EBA6D42898012D00B5D5D4 /* Release */,
			);
			defaultConfigurationIsVisible = 0;
			defaultConfigurationName = Release;
		};
/* End XCConfigurationList section */

/* Begin XCVersionGroup section */
		56EBA6C72898012A00B5D5D4 /* EyeMovie.xcdatamodeld */ = {
			isa = XCVersionGroup;
			children = (
				56EBA6C82898012A00B5D5D4 /* EyeMovie.xcdatamodel */,
			);
			currentVersion = 56EBA6C82898012A00B5D5D4 /* EyeMovie.xcdatamodel */;
			path = EyeMovie.xcdatamodeld;
			sourceTree = "<group>";
			versionGroupType = wrapper.xcdatamodel;
		};
/* End XCVersionGroup section */
	};
	rootObject = 56EBA6B32898012A00B5D5D4 /* Project object */;
}
